<?xml version="1.0" encoding="utf-8"?>
<Project ToolsVersion="4.0" xmlns="http://schemas.microsoft.com/developer/msbuild/2003">
  <ItemGroup>
    <None Include="packages.config" />
  </ItemGroup>
  <ItemGroup>
    <Filter Include="header">
      <UniqueIdentifier>{c83b75cd-7654-4fd4-bb58-482440732ebd}</UniqueIdentifier>
    </Filter>
    <Filter Include="source">
      <UniqueIdentifier>{0889d41c-409a-4cf0-aa7b-de4f0f2c3247}</UniqueIdentifier>
    </Filter>
    <Filter Include="ARMSDK_src">
      <UniqueIdentifier>{178a329c-5f0d-42cb-8757-7a6ec7a727f3}</UniqueIdentifier>
    </Filter>
  </ItemGroup>
  <ItemGroup>
    <ClInclude Include="Approach_Data_Loader.h">
      <Filter>header</Filter>
    </ClInclude>
    <ClInclude Include="IK_Data_Loader.h">
      <Filter>header</Filter>
    </ClInclude>
    <ClInclude Include="ListLoader.h">
      <Filter>header</Filter>
    </ClInclude>
    <ClInclude Include="Pregrasp_Data_Loader.h">
      <Filter>header</Filter>
    </ClInclude>
  </ItemGroup>
  <ItemGroup>
    <ClCompile Include="Approach_Data_Loader.cpp">
      <Filter>source</Filter>
    </ClCompile>
    <ClCompile Include="IK_Data_Loader.cpp">
      <Filter>source</Filter>
    </ClCompile>
    <ClCompile Include="ListLoader.cpp">
      <Filter>source</Filter>
    </ClCompile>
    <ClCompile Include="main.cpp">
      <Filter>source</Filter>
    </ClCompile>
    <ClCompile Include="Pregrasp_Data_Loader.cpp">
      <Filter>source</Filter>
    </ClCompile>
    <ClCompile Include="ARMSDKsrc\ARMSDK_Math.cpp">
      <Filter>ARMSDK_src</Filter>
    </ClCompile>
    <ClCompile Include="ARMSDKsrc\MotionEngine\JointData.cpp">
      <Filter>ARMSDK_src</Filter>
    </ClCompile>
    <ClCompile Include="ARMSDKsrc\MotionEngine\Kinematics.cpp">
      <Filter>ARMSDK_src</Filter>
    </ClCompile>
    <ClCompile Include="ARMSDKsrc\MotionEngine\MotionPlay.cpp">
      <Filter>ARMSDK_src</Filter>
    </ClCompile>
    <ClCompile Include="ARMSDKsrc\MotionEngine\RobotInfo.cpp">
      <Filter>ARMSDK_src</Filter>
    </ClCompile>
    <ClCompile Include="ARMSDKsrc\MotionEngine\TrajectoryGenerator.cpp">
      <Filter>ARMSDK_src</Filter>
    </ClCompile>
    <ClCompile Include="ARMSDKsrc\Timer\MotionTimer.cpp">
      <Filter>ARMSDK_src</Filter>
    </ClCompile>
  </ItemGroup>
</Project>